
Microsoft Visual Studio Solution File, Format Version 12.00
# Visual Studio Version 17
VisualStudioVersion = 17.1.32210.238
MinimumVisualStudioVersion = 10.0.40219.1
Project("{FAE04EC0-301F-11D3-BF4B-00C04F79EFBC}") = "FactoryMethod", "FactoryMethod\FactoryMethod.csproj", "{8E3F30AE-7551-4749-B33D-CA689B7EEE5D}"
EndProject
Global
	GlobalSection(SolutionConfigurationPlatforms) = preSolution
		Debug|Any CPU = Debug|Any CPU
		Release|Any CPU = Release|Any CPU
	EndGlobalSection
	GlobalSection(ProjectConfigurationPlatforms) = postSolution
		{8E3F30AE-7551-4749-B33D-CA689B7EEE5D}.Debug|Any CPU.ActiveCfg = Debug|Any CPU
		{8E3F30AE-7551-4749-B33D-CA689B7EEE5D}.Debug|Any CPU.Build.0 = Debug|Any CPU
		{8E3F30AE-7551-4749-B33D-CA689B7EEE5D}.Release|Any CPU.ActiveCfg = Release|Any CPU
		{8E3F30AE-7551-4749-B33D-CA689B7EEE5D}.Release|Any CPU.Build.0 = Release|Any CPU
	EndGlobalSection
	GlobalSection(SolutionProperties) = preSolution
		HideSolutionNode = FALSE
	EndGlobalSection
	GlobalSection(ExtensibilityGlobals) = postSolution
		SolutionGuid = {982B8E67-33E9-42A5-8708-38E37FD9737E}
	EndGlobalSection
EndGlobal
